// !$*UTF8*$!
{
	archiveVersion = 1;
	classes = {
	};
	objectVersion = 50;
	objects = {

/* Begin PBXBuildFile section */
		AF417F1620D4E3CB00032208 /* AppDelegate.swift in Sources */ = {isa = PBXBuildFile; fileRef = AF417F1520D4E3CB00032208 /* AppDelegate.swift */; };
		AF417F1820D4E3CB00032208 /* art.scnassets in Resources */ = {isa = PBXBuildFile; fileRef = AF417F1720D4E3CB00032208 /* art.scnassets */; };
		AF417F1A20D4E3CB00032208 /* ViewController.swift in Sources */ = {isa = PBXBuildFile; fileRef = AF417F1920D4E3CB00032208 /* ViewController.swift */; };
		AF417F1D20D4E3CB00032208 /* Main.storyboard in Resources */ = {isa = PBXBuildFile; fileRef = AF417F1B20D4E3CB00032208 /* Main.storyboard */; };
		AF417F1F20D4E3CC00032208 /* Assets.xcassets in Resources */ = {isa = PBXBuildFile; fileRef = AF417F1E20D4E3CC00032208 /* Assets.xcassets */; };
		AF417F2220D4E3CC00032208 /* LaunchScreen.storyboard in Resources */ = {isa = PBXBuildFile; fileRef = AF417F2020D4E3CC00032208 /* LaunchScreen.storyboard */; };
		AF417F3520D4E4EA00032208 /* TagNode.swift in Sources */ = {isa = PBXBuildFile; fileRef = AF417F2920D4E4E900032208 /* TagNode.swift */; };
		AF417F3620D4E4EA00032208 /* Assets.xcassets in Resources */ = {isa = PBXBuildFile; fileRef = AF417F2A20D4E4E900032208 /* Assets.xcassets */; };
		AF417F3720D4E4EA00032208 /* Base.lproj in Resources */ = {isa = PBXBuildFile; fileRef = AF417F2B20D4E4E900032208 /* Base.lproj */; };
		AF417F3820D4E4EA00032208 /* Common.swift in Sources */ = {isa = PBXBuildFile; fileRef = AF417F2C20D4E4E900032208 /* Common.swift */; };
		AF417F3920D4E4EA00032208 /* SCNLine.swift in Sources */ = {isa = PBXBuildFile; fileRef = AF417F2D20D4E4E900032208 /* SCNLine.swift */; };
		AF417F3B20D4E4EA00032208 /* SNSNode.swift in Sources */ = {isa = PBXBuildFile; fileRef = AF417F2F20D4E4EA00032208 /* SNSNode.swift */; };
		AF417F3C20D4E4EA00032208 /* CardNode.swift in Sources */ = {isa = PBXBuildFile; fileRef = AF417F3020D4E4EA00032208 /* CardNode.swift */; };
		AF417F3D20D4E4EA00032208 /* ARPlaneAnchor+Visualize.swift in Sources */ = {isa = PBXBuildFile; fileRef = AF417F3120D4E4EA00032208 /* ARPlaneAnchor+Visualize.swift */; };
		AF417F3F20D4E4EA00032208 /* SCNSurface.swift in Sources */ = {isa = PBXBuildFile; fileRef = AF417F3320D4E4EA00032208 /* SCNSurface.swift */; };
		AF417F4020D4E4EA00032208 /* CardAction.swift in Sources */ = {isa = PBXBuildFile; fileRef = AF417F3420D4E4EA00032208 /* CardAction.swift */; };
		AF417F4120D4E80100032208 /* mlmodels in Resources */ = {isa = PBXBuildFile; fileRef = AF417F2E20D4E4E900032208 /* mlmodels */; };
		AF69A5E220D4EA23006C7439 /* Inceptionv3.mlmodel in Sources */ = {isa = PBXBuildFile; fileRef = AF69A5E120D4EA23006C7439 /* Inceptionv3.mlmodel */; };
/* End PBXBuildFile section */

/* Begin PBXFileReference section */
		AF417F1220D4E3CB00032208 /* ARKit_SNS_UI_Sample.app */ = {isa = PBXFileReference; explicitFileType = wrapper.application; includeInIndex = 0; path = ARKit_SNS_UI_Sample.app; sourceTree = BUILT_PRODUCTS_DIR; };
		AF417F1520D4E3CB00032208 /* AppDelegate.swift */ = {isa = PBXFileReference; lastKnownFileType = sourcecode.swift; path = AppDelegate.swift; sourceTree = "<group>"; };
		AF417F1720D4E3CB00032208 /* art.scnassets */ = {isa = PBXFileReference; lastKnownFileType = wrapper.scnassets; path = art.scnassets; sourceTree = "<group>"; };
		AF417F1920D4E3CB00032208 /* ViewController.swift */ = {isa = PBXFileReference; lastKnownFileType = sourcecode.swift; path = ViewController.swift; sourceTree = "<group>"; };
		AF417F1C20D4E3CB00032208 /* Base */ = {isa = PBXFileReference; lastKnownFileType = file.storyboard; name = Base; path = Base.lproj/Main.storyboard; sourceTree = "<group>"; };
		AF417F1E20D4E3CC00032208 /* Assets.xcassets */ = {isa = PBXFileReference; lastKnownFileType = folder.assetcatalog; path = Assets.xcassets; sourceTree = "<group>"; };
		AF417F2120D4E3CC00032208 /* Base */ = {isa = PBXFileReference; lastKnownFileType = file.storyboard; name = Base; path = Base.lproj/LaunchScreen.storyboard; sourceTree = "<group>"; };
		AF417F2320D4E3CC00032208 /* Info.plist */ = {isa = PBXFileReference; lastKnownFileType = text.plist.xml; path = Info.plist; sourceTree = "<group>"; };
		AF417F2920D4E4E900032208 /* TagNode.swift */ = {isa = PBXFileReference; fileEncoding = 4; lastKnownFileType = sourcecode.swift; path = TagNode.swift; sourceTree = "<group>"; };
		AF417F2A20D4E4E900032208 /* Assets.xcassets */ = {isa = PBXFileReference; lastKnownFileType = folder.assetcatalog; path = Assets.xcassets; sourceTree = "<group>"; };
		AF417F2B20D4E4E900032208 /* Base.lproj */ = {isa = PBXFileReference; lastKnownFileType = folder; path = Base.lproj; sourceTree = "<group>"; };
		AF417F2C20D4E4E900032208 /* Common.swift */ = {isa = PBXFileReference; fileEncoding = 4; lastKnownFileType = sourcecode.swift; path = Common.swift; sourceTree = "<group>"; };
		AF417F2D20D4E4E900032208 /* SCNLine.swift */ = {isa = PBXFileReference; fileEncoding = 4; lastKnownFileType = sourcecode.swift; path = SCNLine.swift; sourceTree = "<group>"; };
		AF417F2E20D4E4E900032208 /* mlmodels */ = {isa = PBXFileReference; lastKnownFileType = folder; path = mlmodels; sourceTree = "<group>"; };
		AF417F2F20D4E4EA00032208 /* SNSNode.swift */ = {isa = PBXFileReference; fileEncoding = 4; lastKnownFileType = sourcecode.swift; path = SNSNode.swift; sourceTree = "<group>"; };
		AF417F3020D4E4EA00032208 /* CardNode.swift */ = {isa = PBXFileReference; fileEncoding = 4; lastKnownFileType = sourcecode.swift; path = CardNode.swift; sourceTree = "<group>"; };
		AF417F3120D4E4EA00032208 /* ARPlaneAnchor+Visualize.swift */ = {isa = PBXFileReference; fileEncoding = 4; lastKnownFileType = sourcecode.swift; path = "ARPlaneAnchor+Visualize.swift"; sourceTree = "<group>"; };
		AF417F3320D4E4EA00032208 /* SCNSurface.swift */ = {isa = PBXFileReference; fileEncoding = 4; lastKnownFileType = sourcecode.swift; path = SCNSurface.swift; sourceTree = "<group>"; };
		AF417F3420D4E4EA00032208 /* CardAction.swift */ = {isa = PBXFileReference; fileEncoding = 4; lastKnownFileType = sourcecode.swift; path = CardAction.swift; sourceTree = "<group>"; };
		AF69A5E120D4EA23006C7439 /* Inceptionv3.mlmodel */ = {isa = PBXFileReference; lastKnownFileType = file.mlmodel; path = Inceptionv3.mlmodel; sourceTree = "<group>"; };
/* End PBXFileReference section */

/* Begin PBXFrameworksBuildPhase section */
		AF417F0F20D4E3CB00032208 /* Frameworks */ = {
			isa = PBXFrameworksBuildPhase;
			buildActionMask = 2147483647;
			files = (
			);
			runOnlyForDeploymentPostprocessing = 0;
		};
/* End PBXFrameworksBuildPhase section */

/* Begin PBXGroup section */
		AF417F0920D4E3CB00032208 = {
			isa = PBXGroup;
			children = (
				AF417F1420D4E3CB00032208 /* ARKit_SNS_UI_Sample */,
				AF417F1320D4E3CB00032208 /* Products */,
			);
			sourceTree = "<group>";
		};
		AF417F1320D4E3CB00032208 /* Products */ = {
			isa = PBXGroup;
			children = (
				AF417F1220D4E3CB00032208 /* ARKit_SNS_UI_Sample.app */,
			);
			name = Products;
			sourceTree = "<group>";
		};
		AF417F1420D4E3CB00032208 /* ARKit_SNS_UI_Sample */ = {
			isa = PBXGroup;
			children = (
				AF417F3120D4E4EA00032208 /* ARPlaneAnchor+Visualize.swift */,
				AF417F2A20D4E4E900032208 /* Assets.xcassets */,
				AF417F2B20D4E4E900032208 /* Base.lproj */,
				AF417F3420D4E4EA00032208 /* CardAction.swift */,
				AF417F3020D4E4EA00032208 /* CardNode.swift */,
				AF417F2C20D4E4E900032208 /* Common.swift */,
				AF69A5E120D4EA23006C7439 /* Inceptionv3.mlmodel */,
				AF417F2E20D4E4E900032208 /* mlmodels */,
				AF417F2D20D4E4E900032208 /* SCNLine.swift */,
				AF417F3320D4E4EA00032208 /* SCNSurface.swift */,
				AF417F2F20D4E4EA00032208 /* SNSNode.swift */,
				AF417F2920D4E4E900032208 /* TagNode.swift */,
				AF417F1520D4E3CB00032208 /* AppDelegate.swift */,
				AF417F1720D4E3CB00032208 /* art.scnassets */,
				AF417F1920D4E3CB00032208 /* ViewController.swift */,
				AF417F1B20D4E3CB00032208 /* Main.storyboard */,
				AF417F1E20D4E3CC00032208 /* Assets.xcassets */,
				AF417F2020D4E3CC00032208 /* LaunchScreen.storyboard */,
				AF417F2320D4E3CC00032208 /* Info.plist */,
			);
			path = ARKit_SNS_UI_Sample;
			sourceTree = "<group>";
		};
/* End PBXGroup section */

/* Begin PBXNativeTarget section */
		AF417F1120D4E3CB00032208 /* ARKit_SNS_UI_Sample */ = {
			isa = PBXNativeTarget;
			buildConfigurationList = AF417F2620D4E3CC00032208 /* Build configuration list for PBXNativeTarget "ARKit_SNS_UI_Sample" */;
			buildPhases = (
				AF417F0E20D4E3CB00032208 /* Sources */,
				AF417F0F20D4E3CB00032208 /* Frameworks */,
				AF417F1020D4E3CB00032208 /* Resources */,
			);
			buildRules = (
			);
			dependencies = (
			);
			name = ARKit_SNS_UI_Sample;
			productName = ARKit_SNS_UI_Sample;
			productReference = AF417F1220D4E3CB00032208 /* ARKit_SNS_UI_Sample.app */;
			productType = "com.apple.product-type.application";
		};
/* End PBXNativeTarget section */

/* Begin PBXProject section */
		AF417F0A20D4E3CB00032208 /* Project object */ = {
			isa = PBXProject;
			attributes = {
				LastSwiftUpdateCheck = 0930;
				LastUpgradeCheck = 0930;
				ORGANIZATIONNAME = "手塚竜太";
				TargetAttributes = {
					AF417F1120D4E3CB00032208 = {
						CreatedOnToolsVersion = 9.3;
					};
				};
			};
			buildConfigurationList = AF417F0D20D4E3CB00032208 /* Build configuration list for PBXProject "ARKit_SNS_UI_Sample" */;
			compatibilityVersion = "Xcode 9.3";
			developmentRegion = en;
			hasScannedForEncodings = 0;
			knownRegions = (
				en,
				Base,
			);
			mainGroup = AF417F0920D4E3CB00032208;
			productRefGroup = AF417F1320D4E3CB00032208 /* Products */;
			projectDirPath = "";
			projectRoot = "";
			targets = (
				AF417F1120D4E3CB00032208 /* ARKit_SNS_UI_Sample */,
			);
		};
/* End PBXProject section */

/* Begin PBXResourcesBuildPhase section */
		AF417F1020D4E3CB00032208 /* Resources */ = {
			isa = PBXResourcesBuildPhase;
			buildActionMask = 2147483647;
			files = (
				AF417F1820D4E3CB00032208 /* art.scnassets in Resources */,
				AF417F2220D4E3CC00032208 /* LaunchScreen.storyboard in Resources */,
				AF417F1F20D4E3CC00032208 /* Assets.xcassets in Resources */,
				AF417F1D20D4E3CB00032208 /* Main.storyboard in Resources */,
				AF417F3720D4E4EA00032208 /* Base.lproj in Resources */,
				AF417F4120D4E80100032208 /* mlmodels in Resources */,
				AF417F3620D4E4EA00032208 /* Assets.xcassets in Resources */,
			);
			runOnlyForDeploymentPostprocessing = 0;
		};
/* End PBXResourcesBuildPhase section */

/* Begin PBXSourcesBuildPhase section */
		AF417F0E20D4E3CB00032208 /* Sources */ = {
			isa = PBXSourcesBuildPhase;
			buildActionMask = 2147483647;
			files = (
				AF69A5E220D4EA23006C7439 /* Inceptionv3.mlmodel in Sources */,
				AF417F3B20D4E4EA00032208 /* SNSNode.swift in Sources */,
				AF417F3820D4E4EA00032208 /* Common.swift in Sources */,
				AF417F3C20D4E4EA00032208 /* CardNode.swift in Sources */,
				AF417F4020D4E4EA00032208 /* CardAction.swift in Sources */,
				AF417F3920D4E4EA00032208 /* SCNLine.swift in Sources */,
				AF417F3520D4E4EA00032208 /* TagNode.swift in Sources */,
				AF417F3D20D4E4EA00032208 /* ARPlaneAnchor+Visualize.swift in Sources */,
				AF417F1A20D4E3CB00032208 /* ViewController.swift in Sources */,
				AF417F3F20D4E4EA00032208 /* SCNSurface.swift in Sources */,
				AF417F1620D4E3CB00032208 /* AppDelegate.swift in Sources */,
			);
			runOnlyForDeploymentPostprocessing = 0;
		};
/* End PBXSourcesBuildPhase section */

/* Begin PBXVariantGroup section */
		AF417F1B20D4E3CB00032208 /* Main.storyboard */ = {
			isa = PBXVariantGroup;
			children = (
				AF417F1C20D4E3CB00032208 /* Base */,
			);
			name = Main.storyboard;
			sourceTree = "<group>";
		};
		AF417F2020D4E3CC00032208 /* LaunchScreen.storyboard */ = {
			isa = PBXVariantGroup;
			children = (
				AF417F2120D4E3CC00032208 /* Base */,
			);
			name = LaunchScreen.storyboard;
			sourceTree = "<group>";
		};
/* End PBXVariantGroup section */

/* Begin XCBuildConfiguration section */
		AF417F2420D4E3CC00032208 /* Debug */ = {
			isa = XCBuildConfiguration;
			buildSettings = {
				ALWAYS_SEARCH_USER_PATHS = NO;
				CLANG_ANALYZER_NONNULL = YES;
				CLANG_ANALYZER_NUMBER_OBJECT_CONVERSION = YES_AGGRESSIVE;
				CLANG_CXX_LANGUAGE_STANDARD = "gnu++14";
				CLANG_CXX_LIBRARY = "libc++";
				CLANG_ENABLE_MODULES = YES;
				CLANG_ENABLE_OBJC_ARC = YES;
				CLANG_ENABLE_OBJC_WEAK = YES;
				CLANG_WARN_BLOCK_CAPTURE_AUTORELEASING = YES;
				CLANG_WARN_BOOL_CONVERSION = YES;
				CLANG_WARN_COMMA = YES;
				CLANG_WARN_CONSTANT_CONVERSION = YES;
				CLANG_WARN_DEPRECATED_OBJC_IMPLEMENTATIONS = YES;
				CLANG_WARN_DIRECT_OBJC_ISA_USAGE = YES_ERROR;
				CLANG_WARN_DOCUMENTATION_COMMENTS = YES;
				CLANG_WARN_EMPTY_BODY = YES;
				CLANG_WARN_ENUM_CONVERSION = YES;
				CLANG_WARN_INFINITE_RECURSION = YES;
				CLANG_WARN_INT_CONVERSION = YES;
				CLANG_WARN_NON_LITERAL_NULL_CONVERSION = YES;
				CLANG_WARN_OBJC_IMPLICIT_RETAIN_SELF = YES;
				CLANG_WARN_OBJC_LITERAL_CONVERSION = YES;
				CLANG_WARN_OBJC_ROOT_CLASS = YES_ERROR;
				CLANG_WARN_RANGE_LOOP_ANALYSIS = YES;
				CLANG_WARN_STRICT_PROTOTYPES = YES;
				CLANG_WARN_SUSPICIOUS_MOVE = YES;
				CLANG_WARN_UNGUARDED_AVAILABILITY = YES_AGGRESSIVE;
				CLANG_WARN_UNREACHABLE_CODE = YES;
				CLANG_WARN__DUPLICATE_METHOD_MATCH = YES;
				CODE_SIGN_IDENTITY = "iPhone Developer";
				COPY_PHASE_STRIP = NO;
				DEBUG_INFORMATION_FORMAT = dwarf;
				ENABLE_STRICT_OBJC_MSGSEND = YES;
				ENABLE_TESTABILITY = YES;
				GCC_C_LANGUAGE_STANDARD = gnu11;
				GCC_DYNAMIC_NO_PIC = NO;
				GCC_NO_COMMON_BLOCKS = YES;
				GCC_OPTIMIZATION_LEVEL = 0;
				GCC_PREPROCESSOR_DEFINITIONS = (
					"DEBUG=1",
					"$(inherited)",
				);
				GCC_WARN_64_TO_32_BIT_CONVERSION = YES;
				GCC_WARN_ABOUT_RETURN_TYPE = YES_ERROR;
				GCC_WARN_UNDECLARED_SELECTOR = YES;
				GCC_WARN_UNINITIALIZED_AUTOS = YES_AGGRESSIVE;
				GCC_WARN_UNUSED_FUNCTION = YES;
				GCC_WARN_UNUSED_VARIABLE = YES;
				IPHONEOS_DEPLOYMENT_TARGET = 11.3;
				MTL_ENABLE_DEBUG_INFO = YES;
				ONLY_ACTIVE_ARCH = YES;
				SDKROOT = iphoneos;
				SWIFT_ACTIVE_COMPILATION_CONDITIONS = DEBUG;
				SWIFT_OPTIMIZATION_LEVEL = "-Onone";
			};
			name = Debug;
		};
		AF417F2520D4E3CC00032208 /* Release */ = {
			isa = XCBuildConfiguration;
			buildSettings = {
				ALWAYS_SEARCH_USER_PATHS = NO;
				CLANG_ANALYZER_NONNULL = YES;
				CLANG_ANALYZER_NUMBER_OBJECT_CONVERSION = YES_AGGRESSIVE;
				CLANG_CXX_LANGUAGE_STANDARD = "gnu++14";
				CLANG_CXX_LIBRARY = "libc++";
				CLANG_ENABLE_MODULES = YES;
				CLANG_ENABLE_OBJC_ARC = YES;
				CLANG_ENABLE_OBJC_WEAK = YES;
				CLANG_WARN_BLOCK_CAPTURE_AUTORELEASING = YES;
				CLANG_WARN_BOOL_CONVERSION = YES;
				CLANG_WARN_COMMA = YES;
				CLANG_WARN_CONSTANT_CONVERSION = YES;
				CLANG_WARN_DEPRECATED_OBJC_IMPLEMENTATIONS = YES;
				CLANG_WARN_DIRECT_OBJC_ISA_USAGE = YES_ERROR;
				CLANG_WARN_DOCUMENTATION_COMMENTS = YES;
				CLANG_WARN_EMPTY_BODY = YES;
				CLANG_WARN_ENUM_CONVERSION = YES;
				CLANG_WARN_INFINITE_RECURSION = YES;
				CLANG_WARN_INT_CONVERSION = YES;
				CLANG_WARN_NON_LITERAL_NULL_CONVERSION = YES;
				CLANG_WARN_OBJC_IMPLICIT_RETAIN_SELF = YES;
				CLANG_WARN_OBJC_LITERAL_CONVERSION = YES;
				CLANG_WARN_OBJC_ROOT_CLASS = YES_ERROR;
				CLANG_WARN_RANGE_LOOP_ANALYSIS = YES;
				CLANG_WARN_STRICT_PROTOTYPES = YES;
				CLANG_WARN_SUSPICIOUS_MOVE = YES;
				CLANG_WARN_UNGUARDED_AVAILABILITY = YES_AGGRESSIVE;
				CLANG_WARN_UNREACHABLE_CODE = YES;
				CLANG_WARN__DUPLICATE_METHOD_MATCH = YES;
				CODE_SIGN_IDENTITY = "iPhone Developer";
				COPY_PHASE_STRIP = NO;
				DEBUG_INFORMATION_FORMAT = "dwarf-with-dsym";
				ENABLE_NS_ASSERTIONS = NO;
				ENABLE_STRICT_OBJC_MSGSEND = YES;
				GCC_C_LANGUAGE_STANDARD = gnu11;
				GCC_NO_COMMON_BLOCKS = YES;
				GCC_WARN_64_TO_32_BIT_CONVERSION = YES;
				GCC_WARN_ABOUT_RETURN_TYPE = YES_ERROR;
				GCC_WARN_UNDECLARED_SELECTOR = YES;
				GCC_WARN_UNINITIALIZED_AUTOS = YES_AGGRESSIVE;
				GCC_WARN_UNUSED_FUNCTION = YES;
				GCC_WARN_UNUSED_VARIABLE = YES;
				IPHONEOS_DEPLOYMENT_TARGET = 11.3;
				MTL_ENABLE_DEBUG_INFO = NO;
				SDKROOT = iphoneos;
				SWIFT_COMPILATION_MODE = wholemodule;
				SWIFT_OPTIMIZATION_LEVEL = "-O";
				VALIDATE_PRODUCT = YES;
			};
			name = Release;
		};
		AF417F2720D4E3CC00032208 /* Debug */ = {
			isa = XCBuildConfiguration;
			buildSettings = {
				ASSETCATALOG_COMPILER_APPICON_NAME = AppIcon;
				CODE_SIGN_STYLE = Automatic;
				DEVELOPMENT_TEAM = FXAYP9JDQD;
				INFOPLIST_FILE = ARKit_SNS_UI_Sample/Info.plist;
				LD_RUNPATH_SEARCH_PATHS = (
					"$(inherited)",
					"@executable_path/Frameworks",
				);
				PRODUCT_BUNDLE_IDENTIFIER = "tezuka.ARKit-SNS-UI-Sample";
				PRODUCT_NAME = "$(TARGET_NAME)";
				SWIFT_VERSION = 4.0;
				TARGETED_DEVICE_FAMILY = "1,2";
			};
			name = Debug;
		};
		AF417F2820D4E3CC00032208 /* Release */ = {
			isa = XCBuildConfiguration;
			buildSettings = {
				ASSETCATALOG_COMPILER_APPICON_NAME = AppIcon;
				CODE_SIGN_STYLE = Automatic;
				DEVELOPMENT_TEAM = FXAYP9JDQD;
				INFOPLIST_FILE = ARKit_SNS_UI_Sample/Info.plist;
				LD_RUNPATH_SEARCH_PATHS = (
					"$(inherited)",
					"@executable_path/Frameworks",
				);
				PRODUCT_BUNDLE_IDENTIFIER = "tezuka.ARKit-SNS-UI-Sample";
				PRODUCT_NAME = "$(TARGET_NAME)";
				SWIFT_VERSION = 4.0;
				TARGETED_DEVICE_FAMILY = "1,2";
			};
			name = Release;
		};
/* End XCBuildConfiguration section */

/* Begin XCConfigurationList section */
		AF417F0D20D4E3CB00032208 /* Build configuration list for PBXProject "ARKit_SNS_UI_Sample" */ = {
			isa = XCConfigurationList;
			buildConfigurations = (
				AF417F2420D4E3CC00032208 /* Debug */,
				AF417F2520D4E3CC00032208 /* Release */,
			);
			defaultConfigurationIsVisible = 0;
			defaultConfigurationName = Release;
		};
		AF417F2620D4E3CC00032208 /* Build configuration list for PBXNativeTarget "ARKit_SNS_UI_Sample" */ = {
			isa = XCConfigurationList;
			buildConfigurations = (
				AF417F2720D4E3CC00032208 /* Debug */,
				AF417F2820D4E3CC00032208 /* Release */,
			);
			defaultConfigurationIsVisible = 0;
			defaultConfigurationName = Release;
		};
/* End XCConfigurationList section */
	};
	rootObject = AF417F0A20D4E3CB00032208 /* Project object */;
}
